// !$*UTF8*$!
{
	archiveVersion = 1;
	classes = {
	};
	objectVersion = 46;
	objects = {

/* Begin PBXBuildFile section */
		049E06511B9775E1004D1B83 /* main.m in Sources */ = {isa = PBXBuildFile; fileRef = 049E06501B9775E1004D1B83 /* main.m */; };
		049E065C1B9775E1004D1B83 /* Images.xcassets in Resources */ = {isa = PBXBuildFile; fileRef = 049E065B1B9775E1004D1B83 /* Images.xcassets */; };
		049E065F1B9775E1004D1B83 /* LaunchScreen.xib in Resources */ = {isa = PBXBuildFile; fileRef = 049E065D1B9775E1004D1B83 /* LaunchScreen.xib */; };
		049E066B1B9775E1004D1B83 /* ____Tests.m in Sources */ = {isa = PBXBuildFile; fileRef = 049E066A1B9775E1004D1B83 /* ____Tests.m */; };
		04A2447B1B97869700120E5E /* AppDelegate.m in Sources */ = {isa = PBXBuildFile; fileRef = 04A244751B97869700120E5E /* AppDelegate.m */; };
/* End PBXBuildFile section */

/* Begin PBXContainerItemProxy section */
		049E06651B9775E1004D1B83 /* PBXContainerItemProxy */ = {
			isa = PBXContainerItemProxy;
			containerPortal = 049E06431B9775E1004D1B83 /* Project object */;
			proxyType = 1;
			remoteGlobalIDString = 049E064A1B9775E1004D1B83;
			remoteInfo = "测试项目";
		};
/* End PBXContainerItemProxy section */

/* Begin PBXFileReference section */
		049E064B1B9775E1004D1B83 /* 测试项目.app */ = {isa = PBXFileReference; explicitFileType = wrapper.application; includeInIndex = 0; path = "测试项目.app"; sourceTree = BUILT_PRODUCTS_DIR; };
		049E064F1B9775E1004D1B83 /* Info.plist */ = {isa = PBXFileReference; lastKnownFileType = text.plist.xml; path = Info.plist; sourceTree = "<group>"; };
		049E06501B9775E1004D1B83 /* main.m */ = {isa = PBXFileReference; lastKnownFileType = sourcecode.c.objc; path = main.m; sourceTree = "<group>"; };
		049E065B1B9775E1004D1B83 /* Images.xcassets */ = {isa = PBXFileReference; lastKnownFileType = folder.assetcatalog; path = Images.xcassets; sourceTree = "<group>"; };
		049E065E1B9775E1004D1B83 /* Base */ = {isa = PBXFileReference; lastKnownFileType = file.xib; name = Base; path = Base.lproj/LaunchScreen.xib; sourceTree = "<group>"; };
		049E06641B9775E1004D1B83 /* 测试项目Tests.xctest */ = {isa = PBXFileReference; explicitFileType = wrapper.cfbundle; includeInIndex = 0; path = "测试项目Tests.xctest"; sourceTree = BUILT_PRODUCTS_DIR; };
		049E06691B9775E1004D1B83 /* Info.plist */ = {isa = PBXFileReference; lastKnownFileType = text.plist.xml; path = Info.plist; sourceTree = "<group>"; };
		049E066A1B9775E1004D1B83 /* ____Tests.m */ = {isa = PBXFileReference; lastKnownFileType = sourcecode.c.objc; path = "____Tests.m"; sourceTree = "<group>"; };
		04A244741B97869700120E5E /* AppDelegate.h */ = {isa = PBXFileReference; fileEncoding = 4; lastKnownFileType = sourcecode.c.h; path = AppDelegate.h; sourceTree = "<group>"; };
		04A244751B97869700120E5E /* AppDelegate.m */ = {isa = PBXFileReference; fileEncoding = 4; lastKnownFileType = sourcecode.c.objc; path = AppDelegate.m; sourceTree = "<group>"; };
/* End PBXFileReference section */

/* Begin PBXFrameworksBuildPhase section */
		049E06481B9775E1004D1B83 /* Frameworks */ = {
			isa = PBXFrameworksBuildPhase;
			buildActionMask = 2147483647;
			files = (
			);
			runOnlyForDeploymentPostprocessing = 0;
		};
		049E06611B9775E1004D1B83 /* Frameworks */ = {
			isa = PBXFrameworksBuildPhase;
			buildActionMask = 2147483647;
			files = (
			);
			runOnlyForDeploymentPostprocessing = 0;
		};
/* End PBXFrameworksBuildPhase section */

/* Begin PBXGroup section */
		049E06421B9775E1004D1B83 = {
			isa = PBXGroup;
			children = (
				049E064D1B9775E1004D1B83 /* 测试项目 */,
				049E06671B9775E1004D1B83 /* 测试项目Tests */,
				049E064C1B9775E1004D1B83 /* Products */,
			);
			sourceTree = "<group>";
		};
		049E064C1B9775E1004D1B83 /* Products */ = {
			isa = PBXGroup;
			children = (
				049E064B1B9775E1004D1B83 /* 测试项目.app */,
				049E06641B9775E1004D1B83 /* 测试项目Tests.xctest */,
			);
			name = Products;
			sourceTree = "<group>";
		};
		049E064D1B9775E1004D1B83 /* 测试项目 */ = {
			isa = PBXGroup;
			children = (
				04A244721B97869700120E5E /* Classes */,
				049E065B1B9775E1004D1B83 /* Images.xcassets */,
				049E065D1B9775E1004D1B83 /* LaunchScreen.xib */,
				049E064E1B9775E1004D1B83 /* Supporting Files */,
			);
			path = "测试项目";
			sourceTree = "<group>";
		};
		049E064E1B9775E1004D1B83 /* Supporting Files */ = {
			isa = PBXGroup;
			children = (
				049E064F1B9775E1004D1B83 /* Info.plist */,
				049E06501B9775E1004D1B83 /* main.m */,
			);
			name = "Supporting Files";
			sourceTree = "<group>";
		};
		049E06671B9775E1004D1B83 /* 测试项目Tests */ = {
			isa = PBXGroup;
			children = (
				049E066A1B9775E1004D1B83 /* ____Tests.m */,
				049E06681B9775E1004D1B83 /* Supporting Files */,
			);
			path = "测试项目Tests";
			sourceTree = "<group>";
		};
		049E06681B9775E1004D1B83 /* Supporting Files */ = {
			isa = PBXGroup;
			children = (
				049E06691B9775E1004D1B83 /* Info.plist */,
			);
			name = "Supporting Files";
			sourceTree = "<group>";
		};
		04A244721B97869700120E5E /* Classes */ = {
			isa = PBXGroup;
			children = (
				04A2447A1B97869700120E5E /* 骑行 */,
				04A244791B97869700120E5E /* 排行 */,
				04A244771B97869700120E5E /* 发现 */,
				04A244781B97869700120E5E /* 我 */,
				04A244761B97869700120E5E /* Tool */,
				04A244731B97869700120E5E /* Othter */,
			);
			path = Classes;
			sourceTree = "<group>";
		};
		04A244731B97869700120E5E /* Othter */ = {
			isa = PBXGroup;
			children = (
				04A244741B97869700120E5E /* AppDelegate.h */,
				04A244751B97869700120E5E /* AppDelegate.m */,
			);
			path = Othter;
			sourceTree = "<group>";
		};
		04A244761B97869700120E5E /* Tool */ = {
			isa = PBXGroup;
			children = (
			);
			path = Tool;
			sourceTree = "<group>";
		};
		04A244771B97869700120E5E /* 发现 */ = {
			isa = PBXGroup;
			children = (
			);
			path = "发现";
			sourceTree = "<group>";
		};
		04A244781B97869700120E5E /* 我 */ = {
			isa = PBXGroup;
			children = (
			);
			path = "我";
			sourceTree = "<group>";
		};
		04A244791B97869700120E5E /* 排行 */ = {
			isa = PBXGroup;
			children = (
			);
			path = "排行";
			sourceTree = "<group>";
		};
		04A2447A1B97869700120E5E /* 骑行 */ = {
			isa = PBXGroup;
			children = (
			);
			path = "骑行";
			sourceTree = "<group>";
		};
/* End PBXGroup section */

/* Begin PBXNativeTarget section */
		049E064A1B9775E1004D1B83 /* 测试项目 */ = {
			isa = PBXNativeTarget;
			buildConfigurationList = 049E066E1B9775E1004D1B83 /* Build configuration list for PBXNativeTarget "测试项目" */;
			buildPhases = (
				049E06471B9775E1004D1B83 /* Sources */,
				049E06481B9775E1004D1B83 /* Frameworks */,
				049E06491B9775E1004D1B83 /* Resources */,
			);
			buildRules = (
			);
			dependencies = (
			);
			name = "测试项目";
			productName = "测试项目";
			productReference = 049E064B1B9775E1004D1B83 /* 测试项目.app */;
			productType = "com.apple.product-type.application";
		};
		049E06631B9775E1004D1B83 /* 测试项目Tests */ = {
			isa = PBXNativeTarget;
			buildConfigurationList = 049E06711B9775E1004D1B83 /* Build configuration list for PBXNativeTarget "测试项目Tests" */;
			buildPhases = (
				049E06601B9775E1004D1B83 /* Sources */,
				049E06611B9775E1004D1B83 /* Frameworks */,
				049E06621B9775E1004D1B83 /* Resources */,
			);
			buildRules = (
			);
			dependencies = (
				049E06661B9775E1004D1B83 /* PBXTargetDependency */,
			);
			name = "测试项目Tests";
			productName = "测试项目Tests";
			productReference = 049E06641B9775E1004D1B83 /* 测试项目Tests.xctest */;
			productType = "com.apple.product-type.bundle.unit-test";
		};
/* End PBXNativeTarget section */

/* Begin PBXProject section */
		049E06431B9775E1004D1B83 /* Project object */ = {
			isa = PBXProject;
			attributes = {
				LastUpgradeCheck = 0630;
				ORGANIZATIONNAME = yy;
				TargetAttributes = {
					049E064A1B9775E1004D1B83 = {
						CreatedOnToolsVersion = 6.3;
					};
					049E06631B9775E1004D1B83 = {
						CreatedOnToolsVersion = 6.3;
						TestTargetID = 049E064A1B9775E1004D1B83;
					};
				};
			};
			buildConfigurationList = 049E06461B9775E1004D1B83 /* Build configuration list for PBXProject "测试项目" */;
			compatibilityVersion = "Xcode 3.2";
			developmentRegion = English;
			hasScannedForEncodings = 0;
			knownRegions = (
				en,
				Base,
			);
			mainGroup = 049E06421B9775E1004D1B83;
			productRefGroup = 049E064C1B9775E1004D1B83 /* Products */;
			projectDirPath = "";
			projectRoot = "";
			targets = (
				049E064A1B9775E1004D1B83 /* 测试项目 */,
				049E06631B9775E1004D1B83 /* 测试项目Tests */,
			);
		};
/* End PBXProject section */

/* Begin PBXResourcesBuildPhase section */
		049E06491B9775E1004D1B83 /* Resources */ = {
			isa = PBXResourcesBuildPhase;
			buildActionMask = 2147483647;
			files = (
				049E065F1B9775E1004D1B83 /* LaunchScreen.xib in Resources */,
				049E065C1B9775E1004D1B83 /* Images.xcassets in Resources */,
			);
			runOnlyForDeploymentPostprocessing = 0;
		};
		049E06621B9775E1004D1B83 /* Resources */ = {
			isa = PBXResourcesBuildPhase;
			buildActionMask = 2147483647;
			files = (
			);
			runOnlyForDeploymentPostprocessing = 0;
		};
/* End PBXResourcesBuildPhase section */

/* Begin PBXSourcesBuildPhase section */
		049E06471B9775E1004D1B83 /* Sources */ = {
			isa = PBXSourcesBuildPhase;
			buildActionMask = 2147483647;
			files = (
				049E06511B9775E1004D1B83 /* main.m in Sources */,
				04A2447B1B97869700120E5E /* AppDelegate.m in Sources */,
			);
			runOnlyForDeploymentPostprocessing = 0;
		};
		049E06601B9775E1004D1B83 /* Sources */ = {
			isa = PBXSourcesBuildPhase;
			buildActionMask = 2147483647;
			files = (
				049E066B1B9775E1004D1B83 /* ____Tests.m in Sources */,
			);
			runOnlyForDeploymentPostprocessing = 0;
		};
/* End PBXSourcesBuildPhase section */

/* Begin PBXTargetDependency section */
		049E06661B9775E1004D1B83 /* PBXTargetDependency */ = {
			isa = PBXTargetDependency;
			target = 049E064A1B9775E1004D1B83 /* 测试项目 */;
			targetProxy = 049E06651B9775E1004D1B83 /* PBXContainerItemProxy */;
		};
/* End PBXTargetDependency section */

/* Begin PBXVariantGroup section */
		049E065D1B9775E1004D1B83 /* LaunchScreen.xib */ = {
			isa = PBXVariantGroup;
			children = (
				049E065E1B9775E1004D1B83 /* Base */,
			);
			name = LaunchScreen.xib;
			sourceTree = "<group>";
		};
/* End PBXVariantGroup section */

/* Begin XCBuildConfiguration section */
		049E066C1B9775E1004D1B83 /* Debug */ = {
			isa = XCBuildConfiguration;
			buildSettings = {
				ALWAYS_SEARCH_USER_PATHS = NO;
				CLANG_CXX_LANGUAGE_STANDARD = "gnu++0x";
				CLANG_CXX_LIBRARY = "libc++";
				CLANG_ENABLE_MODULES = YES;
				CLANG_ENABLE_OBJC_ARC = YES;
				CLANG_WARN_BOOL_CONVERSION = YES;
				CLANG_WARN_CONSTANT_CONVERSION = YES;
				CLANG_WARN_DIRECT_OBJC_ISA_USAGE = YES_ERROR;
				CLANG_WARN_EMPTY_BODY = YES;
				CLANG_WARN_ENUM_CONVERSION = YES;
				CLANG_WARN_INT_CONVERSION = YES;
				CLANG_WARN_OBJC_ROOT_CLASS = YES_ERROR;
				CLANG_WARN_UNREACHABLE_CODE = YES;
				CLANG_WARN__DUPLICATE_METHOD_MATCH = YES;
				"CODE_SIGN_IDENTITY[sdk=iphoneos*]" = "iPhone Developer";
				COPY_PHASE_STRIP = NO;
				DEBUG_INFORMATION_FORMAT = "dwarf-with-dsym";
				ENABLE_STRICT_OBJC_MSGSEND = YES;
				GCC_C_LANGUAGE_STANDARD = gnu99;
				GCC_DYNAMIC_NO_PIC = NO;
				GCC_NO_COMMON_BLOCKS = YES;
				GCC_OPTIMIZATION_LEVEL = 0;
				GCC_PREPROCESSOR_DEFINITIONS = (
					"DEBUG=1",
					"$(inherited)",
				);
				GCC_SYMBOLS_PRIVATE_EXTERN = NO;
				GCC_WARN_64_TO_32_BIT_CONVERSION = YES;
				GCC_WARN_ABOUT_RETURN_TYPE = YES_ERROR;
				GCC_WARN_UNDECLARED_SELECTOR = YES;
				GCC_WARN_UNINITIALIZED_AUTOS = YES_AGGRESSIVE;
				GCC_WARN_UNUSED_FUNCTION = YES;
				GCC_WARN_UNUSED_VARIABLE = YES;
				IPHONEOS_DEPLOYMENT_TARGET = 8.3;
				MTL_ENABLE_DEBUG_INFO = YES;
				ONLY_ACTIVE_ARCH = YES;
				SDKROOT = iphoneos;
			};
			name = Debug;
		};
		049E066D1B9775E1004D1B83 /* Release */ = {
			isa = XCBuildConfiguration;
			buildSettings = {
				ALWAYS_SEARCH_USER_PATHS = NO;
				CLANG_CXX_LANGUAGE_STANDARD = "gnu++0x";
				CLANG_CXX_LIBRARY = "libc++";
				CLANG_ENABLE_MODULES = YES;
				CLANG_ENABLE_OBJC_ARC = YES;
				CLANG_WARN_BOOL_CONVERSION = YES;
				CLANG_WARN_CONSTANT_CONVERSION = YES;
				CLANG_WARN_DIRECT_OBJC_ISA_USAGE = YES_ERROR;
				CLANG_WARN_EMPTY_BODY = YES;
				CLANG_WARN_ENUM_CONVERSION = YES;
				CLANG_WARN_INT_CONVERSION = YES;
				CLANG_WARN_OBJC_ROOT_CLASS = YES_ERROR;
				CLANG_WARN_UNREACHABLE_CODE = YES;
				CLANG_WARN__DUPLICATE_METHOD_MATCH = YES;
				"CODE_SIGN_IDENTITY[sdk=iphoneos*]" = "iPhone Developer";
				COPY_PHASE_STRIP = NO;
				DEBUG_INFORMATION_FORMAT = "dwarf-with-dsym";
				ENABLE_NS_ASSERTIONS = NO;
				ENABLE_STRICT_OBJC_MSGSEND = YES;
				GCC_C_LANGUAGE_STANDARD = gnu99;
				GCC_NO_COMMON_BLOCKS = YES;
				GCC_WARN_64_TO_32_BIT_CONVERSION = YES;
				GCC_WARN_ABOUT_RETURN_TYPE = YES_ERROR;
				GCC_WARN_UNDECLARED_SELECTOR = YES;
				GCC_WARN_UNINITIALIZED_AUTOS = YES_AGGRESSIVE;
				GCC_WARN_UNUSED_FUNCTION = YES;
				GCC_WARN_UNUSED_VARIABLE = YES;
				IPHONEOS_DEPLOYMENT_TARGET = 8.3;
				MTL_ENABLE_DEBUG_INFO = NO;
				SDKROOT = iphoneos;
				VALIDATE_PRODUCT = YES;
			};
			name = Release;
		};
		049E066F1B9775E1004D1B83 /* Debug */ = {
			isa = XCBuildConfiguration;
			buildSettings = {
				ASSETCATALOG_COMPILER_APPICON_NAME = AppIcon;
				ASSETCATALOG_COMPILER_LAUNCHIMAGE_NAME = LaunchImage;
				INFOPLIST_FILE = "测试项目/Info.plist";
				LD_RUNPATH_SEARCH_PATHS = "$(inherited) @executable_path/Frameworks";
				PRODUCT_NAME = "$(TARGET_NAME)";
			};
			name = Debug;
		};
		049E06701B9775E1004D1B83 /* Release */ = {
			isa = XCBuildConfiguration;
			buildSettings = {
				ASSETCATALOG_COMPILER_APPICON_NAME = AppIcon;
				ASSETCATALOG_COMPILER_LAUNCHIMAGE_NAME = LaunchImage;
				INFOPLIST_FILE = "测试项目/Info.plist";
				LD_RUNPATH_SEARCH_PATHS = "$(inherited) @executable_path/Frameworks";
				PRODUCT_NAME = "$(TARGET_NAME)";
			};
			name = Release;
		};
		049E06721B9775E1004D1B83 /* Debug */ = {
			isa = XCBuildConfiguration;
			buildSettings = {
				BUNDLE_LOADER = "$(TEST_HOST)";
				FRAMEWORK_SEARCH_PATHS = (
					"$(SDKROOT)/Developer/Library/Frameworks",
					"$(inherited)",
				);
				GCC_PREPROCESSOR_DEFINITIONS = (
					"DEBUG=1",
					"$(inherited)",
				);
				INFOPLIST_FILE = "测试项目Tests/Info.plist";
				LD_RUNPATH_SEARCH_PATHS = "$(inherited) @executable_path/Frameworks @loader_path/Frameworks";
				PRODUCT_NAME = "$(TARGET_NAME)";
				TEST_HOST = "$(BUILT_PRODUCTS_DIR)/测试项目.app/测试项目";
			};
			name = Debug;
		};
		049E06731B9775E1004D1B83 /* Release */ = {
			isa = XCBuildConfiguration;
			buildSettings = {
				BUNDLE_LOADER = "$(TEST_HOST)";
				FRAMEWORK_SEARCH_PATHS = (
					"$(SDKROOT)/Developer/Library/Frameworks",
					"$(inherited)",
				);
				INFOPLIST_FILE = "测试项目Tests/Info.plist";
				LD_RUNPATH_SEARCH_PATHS = "$(inherited) @executable_path/Frameworks @loader_path/Frameworks";
				PRODUCT_NAME = "$(TARGET_NAME)";
				TEST_HOST = "$(BUILT_PRODUCTS_DIR)/测试项目.app/测试项目";
			};
			name = Release;
		};
/* End XCBuildConfiguration section */

/* Begin XCConfigurationList section */
		049E06461B9775E1004D1B83 /* Build configuration list for PBXProject "测试项目" */ = {
			isa = XCConfigurationList;
			buildConfigurations = (
				049E066C1B9775E1004D1B83 /* Debug */,
				049E066D1B9775E1004D1B83 /* Release */,
			);
			defaultConfigurationIsVisible = 0;
			defaultConfigurationName = Release;
		};
		049E066E1B9775E1004D1B83 /* Build configuration list for PBXNativeTarget "测试项目" */ = {
			isa = XCConfigurationList;
			buildConfigurations = (
				049E066F1B9775E1004D1B83 /* Debug */,
				049E06701B9775E1004D1B83 /* Release */,
			);
			defaultConfigurationIsVisible = 0;
			defaultConfigurationName = Release;
		};
		049E06711B9775E1004D1B83 /* Build configuration list for PBXNativeTarget "测试项目Tests" */ = {
			isa = XCConfigurationList;
			buildConfigurations = (
				049E06721B9775E1004D1B83 /* Debug */,
				049E06731B9775E1004D1B83 /* Release */,
			);
			defaultConfigurationIsVisible = 0;
			defaultConfigurationName = Release;
		};
/* End XCConfigurationList section */
	};
	rootObject = 049E06431B9775E1004D1B83 /* Project object */;
}
